# This file is automatically @generated by Cargo.
# It is not intended for manual editing.
version = 4

[[package]]
name = "abi"
version = "3.0.0"
dependencies = [
 "bounded",
 "dev",
]

[[package]]
name = "applib"
version = "3.0.0"
dependencies = [
 "abi",
 "bounded",
 "dev",
 "driver-codec",
 "executor",
 "leanhttp",
 "leannet",
 "netdev",
 "sync",
]

[[package]]
name = "appspike"
version = "3.0.0"
dependencies = [
 "applib",
 "netdev",
]

[[package]]
name = "bench"
version = "3.0.0"
dependencies = [
 "applib",
 "sync",
]

[[package]]
name = "blkdev"
version = "3.0.0"
dependencies = [
 "sync",
]

[[package]]
name = "board"
version = "3.0.0"
dependencies = [
 "abi",
 "bounded",
 "dev",
 "driver-fb",
 "executor",
 "netdev",
 "sync",
]

[[package]]
name = "board-altra"
version = "3.0.0"
dependencies = [
 "board",
 "board-uefi",
 "bounded",
 "cpu",
 "dev",
 "driver-igb",
 "driver-nvme",
 "driver-pcie",
 "driver-smpro",
 "executor",
 "netdev",
 "sync",
]

[[package]]
name = "board-apple"
version = "3.0.0"
dependencies = [
 "abi",
 "board",
 "cpu",
 "dev",
 "driver-aic",
 "driver-nvme",
 "driver-pcie",
 "driver-rtkit",
 "driver-smc",
 "driver-tg3",
 "executor",
 "fw",
 "netdev",
 "sync",
]

[[package]]
name = "board-licheerv"
version = "3.0.0"
dependencies = [
 "abi",
 "board",
 "cpu",
 "dev",
 "driver-dwmac",
 "driver-mdio",
 "driver-ns16550",
 "driver-virtioblk",
 "executor",
 "fw",
 "net",
 "netdev",
 "sync",
]

[[package]]
name = "board-o6n"
version = "3.0.0"
dependencies = [
 "board",
 "board-uefi",
 "bounded",
 "cpu",
 "dev",
 "driver-dvfs",
 "driver-nvme",
 "driver-pcie",
 "driver-rtl8126",
 "driver-scmi",
 "executor",
 "fw",
 "netdev",
 "sync",
]

[[package]]
name = "board-qemuvirt"
version = "3.0.0"
dependencies = [
 "abi",
 "board",
 "cpu",
 "dev",
 "driver-fb",
 "driver-gicv3",
 "driver-pcie",
 "driver-pl011",
 "driver-virtioblk",
 "driver-virtionet",
 "executor",
 "fw",
 "netdev",
 "sync",
]

[[package]]
name = "board-qemuvirt-riscv"
version = "3.0.0"
dependencies = [
 "abi",
 "board",
 "cpu",
 "dev",
 "driver-ns16550",
 "driver-virtioblk",
 "driver-virtionet",
 "executor",
 "fw",
 "netdev",
 "sync",
]

[[package]]
name = "board-raspi"
version = "3.0.0"
dependencies = [
 "abi",
 "blkdev",
 "board",
 "bounded",
 "cpu",
 "dev",
 "driver-fb",
 "driver-gicv2",
 "driver-pl011",
 "driver-vcmail",
 "executor",
 "fw",
 "netdev",
 "sync",
]

[[package]]
name = "board-rk3566"
version = "3.0.0"
dependencies = [
 "abi",
 "board",
 "cpu",
 "dev",
 "driver-dwmac4",
 "driver-fb",
 "driver-gicv3",
 "driver-mdio",
 "driver-ns16550",
 "driver-virtioblk",
 "executor",
 "fw",
 "gui-rkscan",
 "net",
 "netdev",
 "sync",
]

[[package]]
name = "board-rpi4"
version = "3.0.0"
dependencies = [
 "abi",
 "board",
 "board-raspi",
 "cpu",
 "dev",
 "driver-brcmpcie",
 "driver-genet",
 "driver-gicv2",
 "driver-mdio",
 "driver-pl011",
]

[[package]]
name = "board-rpi5"
version = "3.0.0"
dependencies = [
 "abi",
 "board",
 "board-raspi",
 "cpu",
 "dev",
 "driver-brcmpcie",
 "driver-gem",
 "driver-gicv2",
 "driver-mdio",
 "driver-pl011",
 "netdev",
 "sync",
]

[[package]]
name = "board-uefi"
version = "3.0.0"
dependencies = [
 "abi",
 "board",
 "bounded",
 "cpu",
 "dev",
 "driver-fb",
 "driver-gicv3",
 "driver-ns16550",
 "driver-pcie",
 "driver-pl011",
 "driver-virtioblk",
 "driver-virtionet",
 "driver-virtiopci",
 "executor",
 "fw",
 "netdev",
 "sync",
]

[[package]]
name = "bounded"
version = "3.0.0"

[[package]]
name = "cpu"
version = "3.0.0"
dependencies = [
 "abi",
 "bounded",
 "dev",
 "executor",
 "sync",
]

[[package]]
name = "decode"
version = "3.0.0"
dependencies = [
 "applib",
 "bounded",
 "leanhttp",
]

[[package]]
name = "dev"
version = "3.0.0"

[[package]]
name = "display"
version = "3.0.0"
dependencies = [
 "applib",
 "dev",
 "driver-fb",
 "sync",
]

[[package]]
name = "driver-aic"
version = "3.0.0"
dependencies = [
 "cpu",
 "dev",
]

[[package]]
name = "driver-brcmpcie"
version = "3.0.0"
dependencies = [
 "dev",
]

[[package]]
name = "driver-codec"
version = "3.0.0"

[[package]]
name = "driver-dvfs"
version = "3.0.0"

[[package]]
name = "driver-dwc3"
version = "3.0.0"
dependencies = [
 "dev",
 "driver-xhci",
]

[[package]]
name = "driver-dwmac"
version = "3.0.0"
dependencies = [
 "dev",
 "driver-mdio",
 "netdev",
]

[[package]]
name = "driver-dwmac4"
version = "3.0.0"
dependencies = [
 "dev",
 "driver-mdio",
 "netdev",
 "sync",
]

[[package]]
name = "driver-fb"
version = "3.0.0"
dependencies = [
 "dev",
]

[[package]]
name = "driver-gem"
version = "3.0.0"
dependencies = [
 "dev",
 "driver-mdio",
 "netdev",
 "sync",
]

[[package]]
name = "driver-genet"
version = "3.0.0"
dependencies = [
 "dev",
 "driver-mdio",
 "netdev",
 "sync",
]

[[package]]
name = "driver-gicv2"
version = "3.0.0"
dependencies = [
 "cpu",
 "dev",
]

[[package]]
name = "driver-gicv3"
version = "3.0.0"
dependencies = [
 "dev",
]

[[package]]
name = "driver-hid"
version = "3.0.0"
dependencies = [
 "bounded",
]

[[package]]
name = "driver-igb"
version = "3.0.0"
dependencies = [
 "dev",
 "driver-mdio",
 "netdev",
 "sync",
]

[[package]]
name = "driver-mdio"
version = "3.0.0"

[[package]]
name = "driver-ns16550"
version = "3.0.0"
dependencies = [
 "dev",
]

[[package]]
name = "driver-nvme"
version = "3.0.0"
dependencies = [
 "blkdev",
 "dev",
]

[[package]]
name = "driver-pcie"
version = "3.0.0"
dependencies = [
 "bounded",
 "dev",
]

[[package]]
name = "driver-pl011"
version = "3.0.0"
dependencies = [
 "dev",
]

[[package]]
name = "driver-rtkit"
version = "3.0.0"
dependencies = [
 "dev",
]

[[package]]
name = "driver-rtl8126"
version = "3.0.0"
dependencies = [
 "dev",
 "driver-mdio",
 "netdev",
 "sync",
]

[[package]]
name = "driver-scmi"
version = "3.0.0"
dependencies = [
 "dev",
]

[[package]]
name = "driver-smc"
version = "3.0.0"
dependencies = [
 "dev",
 "driver-rtkit",
]

[[package]]
name = "driver-smpro"
version = "3.0.0"
dependencies = [
 "dev",
]

[[package]]
name = "driver-tg3"
version = "3.0.0"
dependencies = [
 "dev",
 "driver-mdio",
 "netdev",
 "sync",
]

[[package]]
name = "driver-vcmail"
version = "3.0.0"
dependencies = [
 "dev",
]

[[package]]
name = "driver-virtioblk"
version = "3.0.0"
dependencies = [
 "blkdev",
 "dev",
 "driver-virtiopci",
 "sync",
]

[[package]]
name = "driver-virtionet"
version = "3.0.0"
dependencies = [
 "bounded",
 "dev",
 "driver-virtiopci",
 "netdev",
 "sync",
]

[[package]]
name = "driver-virtiopci"
version = "3.0.0"
dependencies = [
 "dev",
 "driver-pcie",
]

[[package]]
name = "driver-xhci"
version = "3.0.0"
dependencies = [
 "bounded",
 "dev",
]

[[package]]
name = "executor"
version = "3.0.0"
dependencies = [
 "dev",
 "sync",
]

[[package]]
name = "fw"
version = "3.0.0"
dependencies = [
 "bounded",
 "dev",
]

[[package]]
name = "gui-fbgrant"
version = "3.0.0"
dependencies = [
 "abi",
 "dev",
 "driver-fb",
 "kern",
]

[[package]]
name = "gui-rkscan"
version = "3.0.0"
dependencies = [
 "dev",
 "driver-fb",
]

[[package]]
name = "gui-usbin"
version = "3.0.0"
dependencies = [
 "abi",
 "bounded",
 "dev",
 "driver-hid",
 "driver-xhci",
 "sync",
]

[[package]]
name = "hopos"
version = "3.0.0"
dependencies = [
 "abi",
 "blkdev",
 "board",
 "board-altra",
 "board-apple",
 "board-licheerv",
 "board-o6n",
 "board-qemuvirt",
 "board-qemuvirt-riscv",
 "board-rk3566",
 "board-rpi4",
 "board-rpi5",
 "board-uefi",
 "bounded",
 "cpu",
 "dev",
 "driver-codec",
 "driver-dwc3",
 "driver-fb",
 "driver-hid",
 "driver-virtioblk",
 "driver-xhci",
 "executor",
 "fw",
 "gui-fbgrant",
 "gui-usbin",
 "kern",
 "leandhcp",
 "leanelf",
 "leannet",
 "media-mve",
 "media-optical",
 "net",
 "netdev",
 "sync",
]

[[package]]
name = "kern"
version = "3.0.0"
dependencies = [
 "abi",
 "blkdev",
 "bounded",
 "driver-codec",
 "leanelf",
 "sync",
]

[[package]]
name = "leandhcp"
version = "3.0.0"
source = "git+https://github.com/xinix00/lean.git?tag=v3.0.0#a7e089448c903fe199b604d246401cbd88640de3"

[[package]]
name = "leanelf"
version = "3.0.0"
source = "git+https://github.com/xinix00/lean.git?tag=v3.0.0#a7e089448c903fe199b604d246401cbd88640de3"

[[package]]
name = "leanhttp"
version = "3.1.1"
source = "git+https://github.com/xinix00/lean.git?tag=v3.1.1#db6724745a2c579382c54a68c73c18d643d40038"

[[package]]
name = "leannet"
version = "3.0.0"
source = "git+https://github.com/xinix00/lean.git?tag=v3.0.0#a7e089448c903fe199b604d246401cbd88640de3"

[[package]]
name = "media-mve"
version = "3.0.0"
dependencies = [
 "bounded",
 "dev",
 "driver-codec",
]

[[package]]
name = "media-optical"
version = "3.0.0"

[[package]]
name = "net"
version = "3.0.0"
dependencies = [
 "abi",
 "bounded",
 "dev",
 "executor",
 "netdev",
 "sync",
]

[[package]]
name = "netdev"
version = "3.0.0"
dependencies = [
 "sync",
]

[[package]]
name = "netmeter"
version = "3.0.0"

[[package]]
name = "sync"
version = "3.0.0"

[[package]]
name = "syncprobe"
version = "3.0.0"
dependencies = [
 "applib",
]

[[package]]
name = "welcome"
version = "3.0.0"
dependencies = [
 "applib",
 "leanhttp",
 "sync",
]
