# This file is automatically @generated by Cargo.
# It is not intended for manual editing.
version = 4

[[package]]
name = "abi"
version = "3.0.12"
dependencies = [
 "bounded",
 "dev",
]

[[package]]
name = "applib"
version = "3.0.12"
dependencies = [
 "abi",
 "bounded",
 "dev",
 "driver-codec",
 "executor",
 "heap",
 "leanhttp",
 "leannet",
 "netdev",
 "sync",
]

[[package]]
name = "appspike"
version = "3.0.12"
dependencies = [
 "applib",
 "dev",
 "netdev",
]

[[package]]
name = "bench"
version = "3.0.12"
dependencies = [
 "applib",
 "bounded",
 "sync",
]

[[package]]
name = "blkdev"
version = "3.0.12"
dependencies = [
 "sync",
]

[[package]]
name = "board"
version = "3.0.12"
dependencies = [
 "abi",
 "blkdev",
 "bounded",
 "cpu",
 "dev",
 "driver-dvfs",
 "driver-fb",
 "executor",
 "fw",
 "heap",
 "netdev",
 "sync",
]

[[package]]
name = "board-altra"
version = "3.0.12"
dependencies = [
 "board",
 "board-uefi",
 "bounded",
 "cpu",
 "dev",
 "driver-igb",
 "driver-nvme",
 "driver-pcie",
 "driver-smpro",
 "executor",
 "fw",
 "netdev",
 "sync",
]

[[package]]
name = "board-apple"
version = "3.0.12"
dependencies = [
 "abi",
 "board",
 "cpu",
 "dev",
 "driver-aic",
 "driver-nvme",
 "driver-pcie",
 "driver-rtkit",
 "driver-smc",
 "driver-tg3",
 "executor",
 "fw",
 "netdev",
 "sync",
]

[[package]]
name = "board-licheerv"
version = "3.0.12"
dependencies = [
 "abi",
 "board",
 "cpu",
 "dev",
 "driver-dwwdt",
 "driver-mdio",
 "driver-ns16550",
 "driver-stmmac",
 "executor",
 "fw",
 "net",
 "netdev",
 "sync",
]

[[package]]
name = "board-o6n"
version = "3.0.12"
dependencies = [
 "board",
 "board-uefi",
 "bounded",
 "cpu",
 "dev",
 "driver-dvfs",
 "driver-nvme",
 "driver-pcie",
 "driver-rtl8126",
 "driver-scmi",
 "executor",
 "fw",
 "netdev",
 "sync",
]

[[package]]
name = "board-qemuvirt"
version = "3.0.12"
dependencies = [
 "abi",
 "board",
 "cpu",
 "dev",
 "driver-fb",
 "driver-gicv3",
 "driver-pcie",
 "driver-pl011",
 "driver-virtioblk",
 "driver-virtionet",
 "executor",
 "fw",
 "netdev",
 "sync",
]

[[package]]
name = "board-qemuvirt-riscv"
version = "3.0.12"
dependencies = [
 "abi",
 "board",
 "cpu",
 "dev",
 "driver-ns16550",
 "driver-virtioblk",
 "driver-virtionet",
 "executor",
 "fw",
 "netdev",
 "sync",
]

[[package]]
name = "board-raspi"
version = "3.0.12"
dependencies = [
 "abi",
 "board",
 "bounded",
 "cpu",
 "dev",
 "driver-dvfs",
 "driver-fb",
 "driver-gicv2",
 "driver-pl011",
 "driver-rng200",
 "driver-vcmail",
 "executor",
 "fw",
 "netdev",
 "sync",
]

[[package]]
name = "board-rk3566"
version = "3.0.12"
dependencies = [
 "abi",
 "board",
 "cpu",
 "dev",
 "driver-dvfs",
 "driver-dwwdt",
 "driver-fb",
 "driver-gicv3",
 "driver-mdio",
 "driver-ns16550",
 "driver-rkrng",
 "driver-scmi",
 "driver-stmmac",
 "executor",
 "fw",
 "gui-rkscan",
 "net",
 "netdev",
 "sync",
]

[[package]]
name = "board-rpi4"
version = "3.0.12"
dependencies = [
 "abi",
 "board",
 "board-raspi",
 "cpu",
 "dev",
 "driver-brcmpcie",
 "driver-genet",
 "driver-gicv2",
 "driver-mdio",
 "driver-pl011",
]

[[package]]
name = "board-rpi5"
version = "3.0.12"
dependencies = [
 "abi",
 "board",
 "board-raspi",
 "cpu",
 "dev",
 "driver-brcmpcie",
 "driver-gem",
 "driver-gicv2",
 "driver-mdio",
 "driver-pcie",
 "driver-pl011",
 "netdev",
 "sync",
]

[[package]]
name = "board-uefi"
version = "3.0.12"
dependencies = [
 "abi",
 "blkdev",
 "board",
 "bounded",
 "cpu",
 "dev",
 "driver-fb",
 "driver-gicv3",
 "driver-ns16550",
 "driver-nvme",
 "driver-pcie",
 "driver-pl011",
 "driver-virtioblk",
 "driver-virtionet",
 "driver-virtiopci",
 "executor",
 "fw",
 "netdev",
 "sync",
]

[[package]]
name = "bounded"
version = "3.0.12"

[[package]]
name = "cloudflared-lean"
version = "3.0.12"
dependencies = [
 "applib",
 "leanh2",
 "leanhttp",
 "leanhttps",
 "leanrand",
 "leantls",
 "sync",
]

[[package]]
name = "cpu"
version = "3.0.12"
dependencies = [
 "abi",
 "bounded",
 "dev",
 "executor",
 "sync",
]

[[package]]
name = "decode"
version = "3.0.12"
dependencies = [
 "applib",
 "bounded",
 "leanhttp",
]

[[package]]
name = "dev"
version = "3.0.12"

[[package]]
name = "display"
version = "3.0.12"
dependencies = [
 "applib",
 "bounded",
 "dev",
 "driver-fb",
 "sync",
]

[[package]]
name = "driver-aic"
version = "3.0.12"
dependencies = [
 "cpu",
 "dev",
]

[[package]]
name = "driver-brcmpcie"
version = "3.0.12"
dependencies = [
 "dev",
 "driver-pcie",
]

[[package]]
name = "driver-codec"
version = "3.0.12"

[[package]]
name = "driver-dvfs"
version = "3.0.12"

[[package]]
name = "driver-dwc3"
version = "3.0.12"
dependencies = [
 "dev",
 "driver-xhci",
]

[[package]]
name = "driver-dwwdt"
version = "3.0.12"
dependencies = [
 "dev",
]

[[package]]
name = "driver-fb"
version = "3.0.12"
dependencies = [
 "abi",
 "dev",
]

[[package]]
name = "driver-gem"
version = "3.0.12"
dependencies = [
 "dev",
 "driver-mdio",
 "netdev",
 "sync",
]

[[package]]
name = "driver-genet"
version = "3.0.12"
dependencies = [
 "dev",
 "driver-mdio",
 "netdev",
]

[[package]]
name = "driver-gicv2"
version = "3.0.12"
dependencies = [
 "cpu",
 "dev",
 "driver-gicv3",
]

[[package]]
name = "driver-gicv3"
version = "3.0.12"
dependencies = [
 "cpu",
 "dev",
 "sync",
]

[[package]]
name = "driver-hid"
version = "3.0.12"
dependencies = [
 "bounded",
]

[[package]]
name = "driver-igb"
version = "3.0.12"
dependencies = [
 "dev",
 "driver-mdio",
 "netdev",
 "sync",
]

[[package]]
name = "driver-mdio"
version = "3.0.12"
dependencies = [
 "dev",
]

[[package]]
name = "driver-ns16550"
version = "3.0.12"
dependencies = [
 "dev",
]

[[package]]
name = "driver-nvme"
version = "3.0.12"
dependencies = [
 "blkdev",
 "dev",
 "sync",
]

[[package]]
name = "driver-pcie"
version = "3.0.12"
dependencies = [
 "bounded",
 "dev",
]

[[package]]
name = "driver-pl011"
version = "3.0.12"
dependencies = [
 "dev",
]

[[package]]
name = "driver-rkrng"
version = "3.0.12"
dependencies = [
 "dev",
]

[[package]]
name = "driver-rng200"
version = "3.0.12"
dependencies = [
 "dev",
]

[[package]]
name = "driver-rtkit"
version = "3.0.12"
dependencies = [
 "dev",
]

[[package]]
name = "driver-rtl8126"
version = "3.0.12"
dependencies = [
 "dev",
 "driver-mdio",
 "netdev",
 "sync",
]

[[package]]
name = "driver-scmi"
version = "3.0.12"
dependencies = [
 "dev",
]

[[package]]
name = "driver-smc"
version = "3.0.12"
dependencies = [
 "dev",
 "driver-rtkit",
]

[[package]]
name = "driver-smpro"
version = "3.0.12"
dependencies = [
 "dev",
 "fw",
]

[[package]]
name = "driver-stmmac"
version = "3.0.12"
dependencies = [
 "dev",
 "driver-mdio",
 "netdev",
 "sync",
]

[[package]]
name = "driver-tg3"
version = "3.0.12"
dependencies = [
 "dev",
 "driver-mdio",
 "netdev",
 "sync",
]

[[package]]
name = "driver-vcmail"
version = "3.0.12"
dependencies = [
 "dev",
]

[[package]]
name = "driver-virtioblk"
version = "3.0.12"
dependencies = [
 "blkdev",
 "dev",
 "driver-virtiopci",
 "sync",
]

[[package]]
name = "driver-virtionet"
version = "3.0.12"
dependencies = [
 "bounded",
 "dev",
 "driver-virtiopci",
 "netdev",
 "sync",
]

[[package]]
name = "driver-virtiopci"
version = "3.0.12"
dependencies = [
 "dev",
 "driver-pcie",
]

[[package]]
name = "driver-xhci"
version = "3.0.12"
dependencies = [
 "bounded",
 "dev",
 "sync",
]

[[package]]
name = "executor"
version = "3.0.12"
dependencies = [
 "dev",
 "sync",
]

[[package]]
name = "fw"
version = "3.0.12"
dependencies = [
 "abi",
 "bounded",
 "dev",
]

[[package]]
name = "gui-fbgrant"
version = "3.0.12"
dependencies = [
 "abi",
 "dev",
 "driver-fb",
 "kern",
]

[[package]]
name = "gui-rkscan"
version = "3.0.12"
dependencies = [
 "dev",
 "driver-fb",
]

[[package]]
name = "gui-usbin"
version = "3.0.12"
dependencies = [
 "abi",
 "bounded",
 "dev",
 "driver-hid",
 "driver-xhci",
 "sync",
]

[[package]]
name = "heap"
version = "3.0.12"

[[package]]
name = "hopos"
version = "3.0.12"
dependencies = [
 "abi",
 "blkdev",
 "board",
 "board-altra",
 "board-apple",
 "board-licheerv",
 "board-o6n",
 "board-qemuvirt",
 "board-qemuvirt-riscv",
 "board-rk3566",
 "board-rpi4",
 "board-rpi5",
 "board-uefi",
 "bounded",
 "cpu",
 "dev",
 "driver-codec",
 "driver-dwc3",
 "driver-fb",
 "driver-hid",
 "driver-xhci",
 "executor",
 "fw",
 "gui-fbgrant",
 "gui-usbin",
 "kern",
 "leandhcp",
 "leannet",
 "media-mve",
 "media-optical",
 "net",
 "netdev",
 "sync",
]

[[package]]
name = "kern"
version = "3.0.12"
dependencies = [
 "abi",
 "blkdev",
 "bounded",
 "driver-codec",
 "fw",
 "leanelf",
 "sync",
]

[[package]]
name = "leandhcp"
version = "3.1.11"
source = "git+https://github.com/xinix00/lean.git?tag=v3.1.11#42c771f935c47d7819d157e956d94796d4fb44a1"

[[package]]
name = "leanelf"
version = "3.1.11"
source = "git+https://github.com/xinix00/lean.git?tag=v3.1.11#42c771f935c47d7819d157e956d94796d4fb44a1"

[[package]]
name = "leanh2"
version = "3.1.11"
source = "git+https://github.com/xinix00/lean.git?tag=v3.1.11#42c771f935c47d7819d157e956d94796d4fb44a1"

[[package]]
name = "leanhttp"
version = "3.1.11"
source = "git+https://github.com/xinix00/lean.git?tag=v3.1.11#42c771f935c47d7819d157e956d94796d4fb44a1"

[[package]]
name = "leanhttps"
version = "3.1.11"
source = "git+https://github.com/xinix00/lean.git?tag=v3.1.11#42c771f935c47d7819d157e956d94796d4fb44a1"
dependencies = [
 "leanhttp",
 "leantls",
]

[[package]]
name = "leannet"
version = "3.1.11"
source = "git+https://github.com/xinix00/lean.git?tag=v3.1.11#42c771f935c47d7819d157e956d94796d4fb44a1"

[[package]]
name = "leanrand"
version = "3.1.11"
source = "git+https://github.com/xinix00/lean.git?tag=v3.1.11#42c771f935c47d7819d157e956d94796d4fb44a1"

[[package]]
name = "leantls"
version = "3.1.11"
source = "git+https://github.com/xinix00/lean.git?tag=v3.1.11#42c771f935c47d7819d157e956d94796d4fb44a1"

[[package]]
name = "loc"
version = "3.0.12"

[[package]]
name = "media-mve"
version = "3.0.12"
dependencies = [
 "bounded",
 "dev",
 "driver-codec",
]

[[package]]
name = "media-optical"
version = "3.0.12"

[[package]]
name = "mkcard"
version = "3.0.12"

[[package]]
name = "net"
version = "3.0.12"
dependencies = [
 "abi",
 "bounded",
 "dev",
 "executor",
 "leannet",
 "netdev",
 "sync",
]

[[package]]
name = "netdev"
version = "3.0.12"
dependencies = [
 "sync",
]

[[package]]
name = "netmeter"
version = "3.0.12"

[[package]]
name = "sync"
version = "3.0.12"
dependencies = [
 "bounded",
]

[[package]]
name = "syncprobe"
version = "3.0.12"
dependencies = [
 "applib",
]

[[package]]
name = "vitals"
version = "3.0.12"
dependencies = [
 "applib",
 "bounded",
 "leanhttp",
 "sync",
]

[[package]]
name = "welcome"
version = "3.0.12"
dependencies = [
 "applib",
 "leanhttp",
 "sync",
]
