# This file is automatically @generated by Cargo.
# It is not intended for manual editing.
version = 4

[[package]]
name = "abi"
version = "3.0.0"
dependencies = [
 "bounded",
 "dev",
]

[[package]]
name = "applib"
version = "3.0.0"
dependencies = [
 "abi",
 "bounded",
 "dev",
 "executor",
 "leannet",
 "netdev",
 "sync",
]

[[package]]
name = "appspike"
version = "3.0.0"
dependencies = [
 "applib",
 "netdev",
]

[[package]]
name = "board"
version = "3.0.0"
dependencies = [
 "abi",
 "dev",
 "executor",
 "netdev",
 "sync",
]

[[package]]
name = "board-qemuvirt"
version = "3.0.0"
dependencies = [
 "abi",
 "board",
 "cpu",
 "dev",
 "driver-gicv3",
 "driver-pl011",
 "driver-virtionet",
 "executor",
 "fw",
 "netdev",
 "sync",
]

[[package]]
name = "bounded"
version = "3.0.0"

[[package]]
name = "cpu"
version = "3.0.0"
dependencies = [
 "abi",
 "bounded",
 "dev",
 "executor",
 "sync",
]

[[package]]
name = "dev"
version = "3.0.0"

[[package]]
name = "driver-gicv3"
version = "3.0.0"
dependencies = [
 "dev",
]

[[package]]
name = "driver-pl011"
version = "3.0.0"
dependencies = [
 "dev",
]

[[package]]
name = "driver-virtionet"
version = "3.0.0"
dependencies = [
 "bounded",
 "dev",
 "netdev",
 "sync",
]

[[package]]
name = "executor"
version = "3.0.0"
dependencies = [
 "dev",
 "sync",
]

[[package]]
name = "fw"
version = "3.0.0"
dependencies = [
 "bounded",
 "dev",
]

[[package]]
name = "hopos"
version = "3.0.0"
dependencies = [
 "abi",
 "board",
 "board-qemuvirt",
 "cpu",
 "dev",
 "executor",
 "kern",
 "leandhcp",
 "leanelf",
 "leannet",
 "net",
 "netdev",
 "sync",
]

[[package]]
name = "kern"
version = "3.0.0"
dependencies = [
 "abi",
 "bounded",
 "leanelf",
 "sync",
]

[[package]]
name = "leandhcp"
version = "3.0.0"
source = "git+https://github.com/xinix00/lean.git?tag=v3.0.0#a7e089448c903fe199b604d246401cbd88640de3"

[[package]]
name = "leanelf"
version = "3.0.0"
source = "git+https://github.com/xinix00/lean.git?tag=v3.0.0#a7e089448c903fe199b604d246401cbd88640de3"

[[package]]
name = "leannet"
version = "3.0.0"
source = "git+https://github.com/xinix00/lean.git?tag=v3.0.0#a7e089448c903fe199b604d246401cbd88640de3"

[[package]]
name = "net"
version = "3.0.0"
dependencies = [
 "abi",
 "bounded",
 "dev",
 "executor",
 "netdev",
 "sync",
]

[[package]]
name = "netdev"
version = "3.0.0"
dependencies = [
 "sync",
]

[[package]]
name = "sync"
version = "3.0.0"
