github.com/usbarmory/tamago v1.26.4 h1:laFvRANKgVYFHxLHjIlhqJCc3Xm+qMyab2SlUoNw6zY=
github.com/usbarmory/tamago v1.26.4/go.mod h1:HZkb+ZkzFl8aCxAuF7exsKX+XaNM0mYG9Iv7ooX1WDY=
github.com/xinix00/lean v0.9.1 h1:1fj0Npd1EDILuL59aRmcgsYE+2pbBQsS2jPMgJDUrTE=
github.com/xinix00/lean v0.9.1/go.mod h1:gRIa2nL/SIEsi1L/eq9EUqrKQ+jnjxUGb3IAsuVQX7U=
